
Microsoft Visual Studio Solution File, Format Version 12.00
# Visual Studio Version 17
VisualStudioVersion = 17.10.34916.146
MinimumVisualStudioVersion = 10.0.40219.1
Project("{8BC9CEB8-8B4A-11D0-8D11-00A0C91BC942}") = "LoLinfoApp", "CPPProject.vcxproj", "{1CB5796F-949C-4AD2-B078-F8333B60EC45}"
EndProject
Project("{54435603-DBB4-11D2-8724-00A0C9A8B90C}") = "Setup", "Setup\Setup.vdproj", "{607805E7-D578-4FE6-B016-B2C4A1D509A4}"
EndProject
Global
	GlobalSection(SolutionConfigurationPlatforms) = preSolution
		Debug|x64 = Debug|x64
		Debug|x86 = Debug|x86
		Release|x64 = Release|x64
		Release|x86 = Release|x86
	EndGlobalSection
	GlobalSection(ProjectConfigurationPlatforms) = postSolution
		{1CB5796F-949C-4AD2-B078-F8333B60EC45}.Debug|x64.ActiveCfg = Debug|x64
		{1CB5796F-949C-4AD2-B078-F8333B60EC45}.Debug|x64.Build.0 = Debug|x64
		{1CB5796F-949C-4AD2-B078-F8333B60EC45}.Debug|x86.ActiveCfg = Debug|Win32
		{1CB5796F-949C-4AD2-B078-F8333B60EC45}.Debug|x86.Build.0 = Debug|Win32
		{1CB5796F-949C-4AD2-B078-F8333B60EC45}.Release|x64.ActiveCfg = Release|x64
		{1CB5796F-949C-4AD2-B078-F8333B60EC45}.Release|x64.Build.0 = Release|x64
		{1CB5796F-949C-4AD2-B078-F8333B60EC45}.Release|x86.ActiveCfg = Release|Win32
		{1CB5796F-949C-4AD2-B078-F8333B60EC45}.Release|x86.Build.0 = Release|Win32
		{607805E7-D578-4FE6-B016-B2C4A1D509A4}.Debug|x64.ActiveCfg = Debug
		{607805E7-D578-4FE6-B016-B2C4A1D509A4}.Debug|x86.ActiveCfg = Debug
		{607805E7-D578-4FE6-B016-B2C4A1D509A4}.Release|x64.ActiveCfg = Release
		{607805E7-D578-4FE6-B016-B2C4A1D509A4}.Release|x86.ActiveCfg = Release
	EndGlobalSection
	GlobalSection(SolutionProperties) = preSolution
		HideSolutionNode = FALSE
	EndGlobalSection
	GlobalSection(ExtensibilityGlobals) = postSolution
		SolutionGuid = {2D706332-52FB-4022-A792-2A5ED8A41288}
	EndGlobalSection
EndGlobal
